
Microsoft Visual Studio Solution File, Format Version 12.00
# Visual Studio Version 16
VisualStudioVersion = 16.0.31025.194
MinimumVisualStudioVersion = 10.0.40219.1
Project("{FAE04EC0-301F-11D3-BF4B-00C04F79EFBC}") = "프로젝트이름", "프로젝트이름\프로젝트이름.csproj", "{95F953C7-6347-40CF-802C-0ABC8A225998}"
EndProject
Project("{FAE04EC0-301F-11D3-BF4B-00C04F79EFBC}") = "추가된프로젝트", "추가된프로젝트\추가된프로젝트.csproj", "{AFD8F6F1-81B9-4760-8F47-6347B0E7D21B}"
EndProject
Global
	GlobalSection(SolutionConfigurationPlatforms) = preSolution
		Debug|Any CPU = Debug|Any CPU
		Release|Any CPU = Release|Any CPU
	EndGlobalSection
	GlobalSection(ProjectConfigurationPlatforms) = postSolution
		{95F953C7-6347-40CF-802C-0ABC8A225998}.Debug|Any CPU.ActiveCfg = Debug|Any CPU
		{95F953C7-6347-40CF-802C-0ABC8A225998}.Debug|Any CPU.Build.0 = Debug|Any CPU
		{95F953C7-6347-40CF-802C-0ABC8A225998}.Release|Any CPU.ActiveCfg = Release|Any CPU
		{95F953C7-6347-40CF-802C-0ABC8A225998}.Release|Any CPU.Build.0 = Release|Any CPU
		{AFD8F6F1-81B9-4760-8F47-6347B0E7D21B}.Debug|Any CPU.ActiveCfg = Debug|Any CPU
		{AFD8F6F1-81B9-4760-8F47-6347B0E7D21B}.Debug|Any CPU.Build.0 = Debug|Any CPU
		{AFD8F6F1-81B9-4760-8F47-6347B0E7D21B}.Release|Any CPU.ActiveCfg = Release|Any CPU
		{AFD8F6F1-81B9-4760-8F47-6347B0E7D21B}.Release|Any CPU.Build.0 = Release|Any CPU
	EndGlobalSection
	GlobalSection(SolutionProperties) = preSolution
		HideSolutionNode = FALSE
	EndGlobalSection
	GlobalSection(ExtensibilityGlobals) = postSolution
		SolutionGuid = {5ED652EE-047D-47B8-950C-57291354FBCD}
	EndGlobalSection
EndGlobal
